
Microsoft Visual Studio Solution File, Format Version 12.00
# Visual Studio 15
VisualStudioVersion = 15.0.28010.2046
MinimumVisualStudioVersion = 10.0.40219.1
Project("{FAE04EC0-301F-11D3-BF4B-00C04F79EFBC}") = "CareerCloud.Pocos", "CareerCloud.Pocos\CareerCloud.Pocos.csproj", "{E23269CB-70C4-44D1-A91E-9126C87B39F3}"
EndProject
Project("{FAE04EC0-301F-11D3-BF4B-00C04F79EFBC}") = "CareerCloud.UnitTests.Assignment1", "CareerCloud.UnitTests.Assignment1\CareerCloud.UnitTests.Assignment1.csproj", "{0EF4F160-68B1-491A-925F-064D66EC3283}"
EndProject
Project("{FAE04EC0-301F-11D3-BF4B-00C04F79EFBC}") = "CareerCloud.DataAccessLayer", "CareerCloud.DataAccessLayer\CareerCloud.DataAccessLayer.csproj", "{CDC40E05-4064-40B0-9823-4A32256CEE1C}"
EndProject
Project("{FAE04EC0-301F-11D3-BF4B-00C04F79EFBC}") = "CareerCloud.ADODataAccessLayer", "CareerCloud.ADODataAccessLayer\CareerCloud.ADODataAccessLayer.csproj", "{94BE5B47-5B97-46C7-A34C-E7088C4C3CBD}"
EndProject
Project("{FAE04EC0-301F-11D3-BF4B-00C04F79EFBC}") = "CareerCloud.UnitTests.Assignment2", "CareerCloud.UnitTests.Assignment2\CareerCloud.UnitTests.Assignment2\CareerCloud.UnitTests.Assignment2.csproj", "{6E68DDCD-CDB9-4ABF-8DF3-57AE31F474E3}"
EndProject
Project("{FAE04EC0-301F-11D3-BF4B-00C04F79EFBC}") = "CareerCloud.BusinessLogicLayer", "CareerCloud.BusinessLogicLayer\CareerCloud.BusinessLogicLayer.csproj", "{8F9E4424-45ED-4670-AC6B-77432A3106D0}"
EndProject
Project("{FAE04EC0-301F-11D3-BF4B-00C04F79EFBC}") = "CareerCloud.UnitTests.Assignment3", "CareerCloud.UnitTests.Assignment3\CareerCloud.UnitTests.Assignment3\CareerCloud.UnitTests.Assignment3.csproj", "{2D394F6A-C67B-4127-895E-8F6812942AC5}"
EndProject
Project("{FAE04EC0-301F-11D3-BF4B-00C04F79EFBC}") = "CareerCloud.EntityFrameworkDataAccess", "CareerCloud.EntityFrameworkDataAccess\CareerCloud.EntityFrameworkDataAccess.csproj", "{D2CDED43-4AA5-463A-9B5A-E971C4F1A995}"
EndProject
Project("{FAE04EC0-301F-11D3-BF4B-00C04F79EFBC}") = "CarerrCloud.UnitTests.Assignment4", "CareerCloud.UnitTests.Assignment4\CarerrCloud.UnitTests.Assignment4\CarerrCloud.UnitTests.Assignment4.csproj", "{D8F213B9-4DC6-4C4E-A7A5-D741C0C7DFE3}"
EndProject
Project("{FAE04EC0-301F-11D3-BF4B-00C04F79EFBC}") = "CareerCloud.WCF", "CareerCloud.WCF\CareerCloud.WCF.csproj", "{1E4F599C-2A9C-43D5-90A0-C1B565B1C925}"
EndProject
Project("{FAE04EC0-301F-11D3-BF4B-00C04F79EFBC}") = "CareerCloud.UnitTests.Assignment5", "CareerCloud.UnitTests.Assignment5\CareerCloud.UnitTests.Assignment5\CareerCloud.UnitTests.Assignment5.csproj", "{943928D9-1890-4404-A8AF-5FF14079C136}"
	ProjectSection(ProjectDependencies) = postProject
		{1E4F599C-2A9C-43D5-90A0-C1B565B1C925} = {1E4F599C-2A9C-43D5-90A0-C1B565B1C925}
	EndProjectSection
EndProject
Project("{FAE04EC0-301F-11D3-BF4B-00C04F79EFBC}") = "CareerCloud.WebAPI", "CareerCloud.WebAPI\CareerCloud.WebAPI.csproj", "{ABB69C7D-AF90-4A4A-BF72-845A7FC1D81A}"
EndProject
Project("{FAE04EC0-301F-11D3-BF4B-00C04F79EFBC}") = "CareerCloud.UnitTests.Assignment6", "CareerCloud.UnitTests.Assignment6\CareerCloud.UnitTests.Assignment6\CareerCloud.UnitTests.Assignment6.csproj", "{878AFB57-B469-4CC7-A714-0E447A4DA8E4}"
EndProject
Global
	GlobalSection(SolutionConfigurationPlatforms) = preSolution
		Debug|Any CPU = Debug|Any CPU
		Release|Any CPU = Release|Any CPU
	EndGlobalSection
	GlobalSection(ProjectConfigurationPlatforms) = postSolution
		{E23269CB-70C4-44D1-A91E-9126C87B39F3}.Debug|Any CPU.ActiveCfg = Debug|Any CPU
		{E23269CB-70C4-44D1-A91E-9126C87B39F3}.Debug|Any CPU.Build.0 = Debug|Any CPU
		{E23269CB-70C4-44D1-A91E-9126C87B39F3}.Release|Any CPU.ActiveCfg = Release|Any CPU
		{E23269CB-70C4-44D1-A91E-9126C87B39F3}.Release|Any CPU.Build.0 = Release|Any CPU
		{0EF4F160-68B1-491A-925F-064D66EC3283}.Debug|Any CPU.ActiveCfg = Debug|Any CPU
		{0EF4F160-68B1-491A-925F-064D66EC3283}.Debug|Any CPU.Build.0 = Debug|Any CPU
		{0EF4F160-68B1-491A-925F-064D66EC3283}.Release|Any CPU.ActiveCfg = Release|Any CPU
		{0EF4F160-68B1-491A-925F-064D66EC3283}.Release|Any CPU.Build.0 = Release|Any CPU
		{CDC40E05-4064-40B0-9823-4A32256CEE1C}.Debug|Any CPU.ActiveCfg = Debug|Any CPU
		{CDC40E05-4064-40B0-9823-4A32256CEE1C}.Debug|Any CPU.Build.0 = Debug|Any CPU
		{CDC40E05-4064-40B0-9823-4A32256CEE1C}.Release|Any CPU.ActiveCfg = Release|Any CPU
		{CDC40E05-4064-40B0-9823-4A32256CEE1C}.Release|Any CPU.Build.0 = Release|Any CPU
		{94BE5B47-5B97-46C7-A34C-E7088C4C3CBD}.Debug|Any CPU.ActiveCfg = Debug|Any CPU
		{94BE5B47-5B97-46C7-A34C-E7088C4C3CBD}.Debug|Any CPU.Build.0 = Debug|Any CPU
		{94BE5B47-5B97-46C7-A34C-E7088C4C3CBD}.Release|Any CPU.ActiveCfg = Release|Any CPU
		{94BE5B47-5B97-46C7-A34C-E7088C4C3CBD}.Release|Any CPU.Build.0 = Release|Any CPU
		{6E68DDCD-CDB9-4ABF-8DF3-57AE31F474E3}.Debug|Any CPU.ActiveCfg = Debug|Any CPU
		{6E68DDCD-CDB9-4ABF-8DF3-57AE31F474E3}.Debug|Any CPU.Build.0 = Debug|Any CPU
		{6E68DDCD-CDB9-4ABF-8DF3-57AE31F474E3}.Release|Any CPU.ActiveCfg = Release|Any CPU
		{6E68DDCD-CDB9-4ABF-8DF3-57AE31F474E3}.Release|Any CPU.Build.0 = Release|Any CPU
		{8F9E4424-45ED-4670-AC6B-77432A3106D0}.Debug|Any CPU.ActiveCfg = Debug|Any CPU
		{8F9E4424-45ED-4670-AC6B-77432A3106D0}.Debug|Any CPU.Build.0 = Debug|Any CPU
		{8F9E4424-45ED-4670-AC6B-77432A3106D0}.Release|Any CPU.ActiveCfg = Release|Any CPU
		{8F9E4424-45ED-4670-AC6B-77432A3106D0}.Release|Any CPU.Build.0 = Release|Any CPU
		{2D394F6A-C67B-4127-895E-8F6812942AC5}.Debug|Any CPU.ActiveCfg = Debug|Any CPU
		{2D394F6A-C67B-4127-895E-8F6812942AC5}.Debug|Any CPU.Build.0 = Debug|Any CPU
		{2D394F6A-C67B-4127-895E-8F6812942AC5}.Release|Any CPU.ActiveCfg = Release|Any CPU
		{2D394F6A-C67B-4127-895E-8F6812942AC5}.Release|Any CPU.Build.0 = Release|Any CPU
		{D2CDED43-4AA5-463A-9B5A-E971C4F1A995}.Debug|Any CPU.ActiveCfg = Debug|Any CPU
		{D2CDED43-4AA5-463A-9B5A-E971C4F1A995}.Debug|Any CPU.Build.0 = Debug|Any CPU
		{D2CDED43-4AA5-463A-9B5A-E971C4F1A995}.Release|Any CPU.ActiveCfg = Release|Any CPU
		{D2CDED43-4AA5-463A-9B5A-E971C4F1A995}.Release|Any CPU.Build.0 = Release|Any CPU
		{D8F213B9-4DC6-4C4E-A7A5-D741C0C7DFE3}.Debug|Any CPU.ActiveCfg = Debug|Any CPU
		{D8F213B9-4DC6-4C4E-A7A5-D741C0C7DFE3}.Debug|Any CPU.Build.0 = Debug|Any CPU
		{D8F213B9-4DC6-4C4E-A7A5-D741C0C7DFE3}.Release|Any CPU.ActiveCfg = Release|Any CPU
		{D8F213B9-4DC6-4C4E-A7A5-D741C0C7DFE3}.Release|Any CPU.Build.0 = Release|Any CPU
		{1E4F599C-2A9C-43D5-90A0-C1B565B1C925}.Debug|Any CPU.ActiveCfg = Debug|Any CPU
		{1E4F599C-2A9C-43D5-90A0-C1B565B1C925}.Debug|Any CPU.Build.0 = Debug|Any CPU
		{1E4F599C-2A9C-43D5-90A0-C1B565B1C925}.Release|Any CPU.ActiveCfg = Release|Any CPU
		{1E4F599C-2A9C-43D5-90A0-C1B565B1C925}.Release|Any CPU.Build.0 = Release|Any CPU
		{943928D9-1890-4404-A8AF-5FF14079C136}.Debug|Any CPU.ActiveCfg = Debug|Any CPU
		{943928D9-1890-4404-A8AF-5FF14079C136}.Debug|Any CPU.Build.0 = Debug|Any CPU
		{943928D9-1890-4404-A8AF-5FF14079C136}.Release|Any CPU.ActiveCfg = Release|Any CPU
		{943928D9-1890-4404-A8AF-5FF14079C136}.Release|Any CPU.Build.0 = Release|Any CPU
		{ABB69C7D-AF90-4A4A-BF72-845A7FC1D81A}.Debug|Any CPU.ActiveCfg = Debug|Any CPU
		{ABB69C7D-AF90-4A4A-BF72-845A7FC1D81A}.Debug|Any CPU.Build.0 = Debug|Any CPU
		{ABB69C7D-AF90-4A4A-BF72-845A7FC1D81A}.Release|Any CPU.ActiveCfg = Release|Any CPU
		{ABB69C7D-AF90-4A4A-BF72-845A7FC1D81A}.Release|Any CPU.Build.0 = Release|Any CPU
		{878AFB57-B469-4CC7-A714-0E447A4DA8E4}.Debug|Any CPU.ActiveCfg = Debug|Any CPU
		{878AFB57-B469-4CC7-A714-0E447A4DA8E4}.Debug|Any CPU.Build.0 = Debug|Any CPU
		{878AFB57-B469-4CC7-A714-0E447A4DA8E4}.Release|Any CPU.ActiveCfg = Release|Any CPU
		{878AFB57-B469-4CC7-A714-0E447A4DA8E4}.Release|Any CPU.Build.0 = Release|Any CPU
	EndGlobalSection
	GlobalSection(SolutionProperties) = preSolution
		HideSolutionNode = FALSE
	EndGlobalSection
	GlobalSection(ExtensibilityGlobals) = postSolution
		SolutionGuid = {14817535-9DA5-418D-9CE4-E01EFAE585B5}
	EndGlobalSection
EndGlobal
